
Microsoft Visual Studio Solution File, Format Version 12.00
# Visual Studio Version 16
VisualStudioVersion = 16.0.29326.143
MinimumVisualStudioVersion = 10.0.40219.1
Project("{FAE04EC0-301F-11D3-BF4B-00C04F79EFBC}") = "RedisServer", "RedisServer\RedisServer.csproj", "{CA43C456-44C6-452B-B55A-36E4BD65E3DE}"
EndProject
Project("{FAE04EC0-301F-11D3-BF4B-00C04F79EFBC}") = "RedisClient", "RedisClient\RedisClient.csproj", "{8939287A-D502-4E42-B58F-978111E1D3D9}"
EndProject
Global
	GlobalSection(SolutionConfigurationPlatforms) = preSolution
		Debug|Any CPU = Debug|Any CPU
		Release|Any CPU = Release|Any CPU
	EndGlobalSection
	GlobalSection(ProjectConfigurationPlatforms) = postSolution
		{CA43C456-44C6-452B-B55A-36E4BD65E3DE}.Debug|Any CPU.ActiveCfg = Debug|Any CPU
		{CA43C456-44C6-452B-B55A-36E4BD65E3DE}.Debug|Any CPU.Build.0 = Debug|Any CPU
		{CA43C456-44C6-452B-B55A-36E4BD65E3DE}.Release|Any CPU.ActiveCfg = Release|Any CPU
		{CA43C456-44C6-452B-B55A-36E4BD65E3DE}.Release|Any CPU.Build.0 = Release|Any CPU
		{8939287A-D502-4E42-B58F-978111E1D3D9}.Debug|Any CPU.ActiveCfg = Debug|Any CPU
		{8939287A-D502-4E42-B58F-978111E1D3D9}.Debug|Any CPU.Build.0 = Debug|Any CPU
		{8939287A-D502-4E42-B58F-978111E1D3D9}.Release|Any CPU.ActiveCfg = Release|Any CPU
		{8939287A-D502-4E42-B58F-978111E1D3D9}.Release|Any CPU.Build.0 = Release|Any CPU
	EndGlobalSection
	GlobalSection(SolutionProperties) = preSolution
		HideSolutionNode = FALSE
	EndGlobalSection
	GlobalSection(ExtensibilityGlobals) = postSolution
		SolutionGuid = {E5277964-C3B8-44CC-B41C-181B32E0A52F}
	EndGlobalSection
EndGlobal
